
Microsoft Visual Studio Solution File, Format Version 12.00
# Visual Studio 2012
Project("{E24C65DC-7377-472B-9ABA-BC803B73C61A}") = "JSHelpers", "JSHelpers\", "{33799A29-73B9-49BE-B1B6-A8849D1770B3}"
	ProjectSection(WebsiteProperties) = preProject
		TargetFrameworkMoniker = ".NETFramework,Version%3Dv4.5"
		Debug.AspNetCompiler.VirtualPath = "/JSHelpers"
		Debug.AspNetCompiler.PhysicalPath = "JSHelpers\"
		Debug.AspNetCompiler.TargetPath = "PrecompiledWeb\JSHelpers\"
		Debug.AspNetCompiler.Updateable = "true"
		Debug.AspNetCompiler.ForceOverwrite = "true"
		Debug.AspNetCompiler.FixedNames = "false"
		Debug.AspNetCompiler.Debug = "True"
		Release.AspNetCompiler.VirtualPath = "/JSHelpers"
		Release.AspNetCompiler.PhysicalPath = "JSHelpers\"
		Release.AspNetCompiler.TargetPath = "PrecompiledWeb\JSHelpers\"
		Release.AspNetCompiler.Updateable = "true"
		Release.AspNetCompiler.ForceOverwrite = "true"
		Release.AspNetCompiler.FixedNames = "false"
		Release.AspNetCompiler.Debug = "False"
		VWDPort = "53608"
	EndProjectSection
EndProject
Global
	GlobalSection(SolutionConfigurationPlatforms) = preSolution
		Debug|Any CPU = Debug|Any CPU
	EndGlobalSection
	GlobalSection(ProjectConfigurationPlatforms) = postSolution
		{33799A29-73B9-49BE-B1B6-A8849D1770B3}.Debug|Any CPU.ActiveCfg = Debug|Any CPU
		{33799A29-73B9-49BE-B1B6-A8849D1770B3}.Debug|Any CPU.Build.0 = Debug|Any CPU
	EndGlobalSection
	GlobalSection(SolutionProperties) = preSolution
		HideSolutionNode = FALSE
	EndGlobalSection
EndGlobal
