
Microsoft Visual Studio Solution File, Format Version 12.00
# Visual Studio 2012
Project("{E24C65DC-7377-472B-9ABA-BC803B73C61A}") = "JSHelpersTestWS", "http://localhost:27123", "{051BF2B2-5112-4B99-9B9D-CA6726D28B86}"
	ProjectSection(WebsiteProperties) = preProject
		UseIISExpress = "true"
		TargetFrameworkMoniker = ".NETFramework,Version%3Dv4.5"
		Debug.AspNetCompiler.VirtualPath = "/localhost_27123"
		Debug.AspNetCompiler.PhysicalPath = "JSHelpersTestWS\"
		Debug.AspNetCompiler.TargetPath = "PrecompiledWeb\localhost_27123\"
		Debug.AspNetCompiler.Updateable = "true"
		Debug.AspNetCompiler.ForceOverwrite = "true"
		Debug.AspNetCompiler.FixedNames = "false"
		Debug.AspNetCompiler.Debug = "True"
		Release.AspNetCompiler.VirtualPath = "/localhost_27123"
		Release.AspNetCompiler.PhysicalPath = "JSHelpersTestWS\"
		Release.AspNetCompiler.TargetPath = "PrecompiledWeb\localhost_27123\"
		Release.AspNetCompiler.Updateable = "true"
		Release.AspNetCompiler.ForceOverwrite = "true"
		Release.AspNetCompiler.FixedNames = "false"
		Release.AspNetCompiler.Debug = "False"
		SlnRelativePath = "JSHelpersTestWS\"
		DefaultWebSiteLanguage = "Visual C#"
	EndProjectSection
EndProject
Project("{E24C65DC-7377-472B-9ABA-BC803B73C61A}") = "JSHelpers", "http://localhost:49399", "{5E35A4C0-77F1-420B-86DE-C4D266EF5402}"
	ProjectSection(WebsiteProperties) = preProject
		UseIISExpress = "true"
		TargetFrameworkMoniker = ".NETFramework,Version%3Dv4.5"
		Debug.AspNetCompiler.VirtualPath = "/localhost_49399"
		Debug.AspNetCompiler.PhysicalPath = "JSHelpers\"
		Debug.AspNetCompiler.TargetPath = "PrecompiledWeb\localhost_49399\"
		Debug.AspNetCompiler.Updateable = "true"
		Debug.AspNetCompiler.ForceOverwrite = "true"
		Debug.AspNetCompiler.FixedNames = "false"
		Debug.AspNetCompiler.Debug = "True"
		Release.AspNetCompiler.VirtualPath = "/localhost_49399"
		Release.AspNetCompiler.PhysicalPath = "JSHelpers\"
		Release.AspNetCompiler.TargetPath = "PrecompiledWeb\localhost_49399\"
		Release.AspNetCompiler.Updateable = "true"
		Release.AspNetCompiler.ForceOverwrite = "true"
		Release.AspNetCompiler.FixedNames = "false"
		Release.AspNetCompiler.Debug = "False"
		SlnRelativePath = "JSHelpers\"
		DefaultWebSiteLanguage = "Visual C#"
	EndProjectSection
EndProject
Global
	GlobalSection(SolutionConfigurationPlatforms) = preSolution
		Debug|Any CPU = Debug|Any CPU
		Release|Any CPU = Release|Any CPU
	EndGlobalSection
	GlobalSection(ProjectConfigurationPlatforms) = postSolution
		{051BF2B2-5112-4B99-9B9D-CA6726D28B86}.Debug|Any CPU.ActiveCfg = Debug|Any CPU
		{051BF2B2-5112-4B99-9B9D-CA6726D28B86}.Debug|Any CPU.Build.0 = Debug|Any CPU
		{051BF2B2-5112-4B99-9B9D-CA6726D28B86}.Release|Any CPU.ActiveCfg = Debug|Any CPU
		{051BF2B2-5112-4B99-9B9D-CA6726D28B86}.Release|Any CPU.Build.0 = Debug|Any CPU
		{5E35A4C0-77F1-420B-86DE-C4D266EF5402}.Debug|Any CPU.ActiveCfg = Debug|Any CPU
		{5E35A4C0-77F1-420B-86DE-C4D266EF5402}.Debug|Any CPU.Build.0 = Debug|Any CPU
		{5E35A4C0-77F1-420B-86DE-C4D266EF5402}.Release|Any CPU.ActiveCfg = Debug|Any CPU
		{5E35A4C0-77F1-420B-86DE-C4D266EF5402}.Release|Any CPU.Build.0 = Debug|Any CPU
	EndGlobalSection
	GlobalSection(SolutionProperties) = preSolution
		HideSolutionNode = FALSE
	EndGlobalSection
EndGlobal
